
Microsoft Visual Studio Solution File, Format Version 12.00
# Visual Studio Version 17
VisualStudioVersion = 17.11.35303.130
MinimumVisualStudioVersion = 10.0.40219.1
Project("{FAE04EC0-301F-11D3-BF4B-00C04F79EFBC}") = "ForumMotor_13BC_A", "ForumMotor_13BC_A\ForumMotor_13BC_A.csproj", "{0CD2A471-D1A9-4A29-89F7-46A41FB65FD9}"
EndProject
Global
	GlobalSection(SolutionConfigurationPlatforms) = preSolution
		Debug|Any CPU = Debug|Any CPU
		Release|Any CPU = Release|Any CPU
	EndGlobalSection
	GlobalSection(ProjectConfigurationPlatforms) = postSolution
		{0CD2A471-D1A9-4A29-89F7-46A41FB65FD9}.Debug|Any CPU.ActiveCfg = Debug|Any CPU
		{0CD2A471-D1A9-4A29-89F7-46A41FB65FD9}.Debug|Any CPU.Build.0 = Debug|Any CPU
		{0CD2A471-D1A9-4A29-89F7-46A41FB65FD9}.Release|Any CPU.ActiveCfg = Release|Any CPU
		{0CD2A471-D1A9-4A29-89F7-46A41FB65FD9}.Release|Any CPU.Build.0 = Release|Any CPU
	EndGlobalSection
	GlobalSection(SolutionProperties) = preSolution
		HideSolutionNode = FALSE
	EndGlobalSection
	GlobalSection(ExtensibilityGlobals) = postSolution
		SolutionGuid = {41996B58-DB17-41EA-9E64-F149DC9928DA}
	EndGlobalSection
EndGlobal
